
Microsoft Visual Studio Solution File, Format Version 12.00
# Visual Studio Version 17
VisualStudioVersion = 17.13.35825.156 d17.13
MinimumVisualStudioVersion = 10.0.40219.1
Project("{FAE04EC0-301F-11D3-BF4B-00C04F79EFBC}") = "ContaCorrente.ConsoleApp", "ContaCorrente.ConsoleApp\ContaCorrente.ConsoleApp.csproj", "{A72C6426-9145-4464-B46A-D96BCA5C9C93}"
EndProject
Global
	GlobalSection(SolutionConfigurationPlatforms) = preSolution
		Debug|Any CPU = Debug|Any CPU
		Release|Any CPU = Release|Any CPU
	EndGlobalSection
	GlobalSection(ProjectConfigurationPlatforms) = postSolution
		{A72C6426-9145-4464-B46A-D96BCA5C9C93}.Debug|Any CPU.ActiveCfg = Debug|Any CPU
		{A72C6426-9145-4464-B46A-D96BCA5C9C93}.Debug|Any CPU.Build.0 = Debug|Any CPU
		{A72C6426-9145-4464-B46A-D96BCA5C9C93}.Release|Any CPU.ActiveCfg = Release|Any CPU
		{A72C6426-9145-4464-B46A-D96BCA5C9C93}.Release|Any CPU.Build.0 = Release|Any CPU
	EndGlobalSection
	GlobalSection(SolutionProperties) = preSolution
		HideSolutionNode = FALSE
	EndGlobalSection
	GlobalSection(ExtensibilityGlobals) = postSolution
		SolutionGuid = {E768E68B-8E83-4B39-8FCD-7402B69623C2}
	EndGlobalSection
EndGlobal
